// !$*UTF8*$!
{
	archiveVersion = 1;
	classes = {
	};
	objectVersion = 50;
	objects = {

/* Begin PBXBuildFile section */
		0375E0991F281168677B511F /* Pods_Flex.framework in Frameworks */ = {isa = PBXBuildFile; fileRef = 9EBE31EF10E6BB194F1B7D68 /* Pods_Flex.framework */; };
		0788F16156A6A98C817EB9BF /* Pods_FlexTests.framework in Frameworks */ = {isa = PBXBuildFile; fileRef = 763DB045802D85B846BE85DD /* Pods_FlexTests.framework */; };
		35AB9E5D2501D36F009B5BB9 /* AppDelegate.swift in Sources */ = {isa = PBXBuildFile; fileRef = 35AB9E5C2501D36F009B5BB9 /* AppDelegate.swift */; };
		35AB9E5F2501D370009B5BB9 /* SceneDelegate.swift in Sources */ = {isa = PBXBuildFile; fileRef = 35AB9E5E2501D370009B5BB9 /* SceneDelegate.swift */; };
		35AB9E612501D370009B5BB9 /* ViewController.swift in Sources */ = {isa = PBXBuildFile; fileRef = 35AB9E602501D370009B5BB9 /* ViewController.swift */; };
		35AB9E642501D370009B5BB9 /* Main.storyboard in Resources */ = {isa = PBXBuildFile; fileRef = 35AB9E622501D370009B5BB9 /* Main.storyboard */; };
		35AB9E662501D373009B5BB9 /* Assets.xcassets in Resources */ = {isa = PBXBuildFile; fileRef = 35AB9E652501D373009B5BB9 /* Assets.xcassets */; };
		35AB9E692501D373009B5BB9 /* LaunchScreen.storyboard in Resources */ = {isa = PBXBuildFile; fileRef = 35AB9E672501D373009B5BB9 /* LaunchScreen.storyboard */; };
		35AB9E742501D373009B5BB9 /* FlexTests.swift in Sources */ = {isa = PBXBuildFile; fileRef = 35AB9E732501D373009B5BB9 /* FlexTests.swift */; };
		35AB9E7F2501D373009B5BB9 /* FlexUITests.swift in Sources */ = {isa = PBXBuildFile; fileRef = 35AB9E7E2501D373009B5BB9 /* FlexUITests.swift */; };
		35AB9E8F2501DEB6009B5BB9 /* MovieCell.swift in Sources */ = {isa = PBXBuildFile; fileRef = 35AB9E8E2501DEB6009B5BB9 /* MovieCell.swift */; };
		93DBAC009971817BB70E5B9C /* Pods_Flex_FlexUITests.framework in Frameworks */ = {isa = PBXBuildFile; fileRef = 3633DC58A35F6B85C0E5933E /* Pods_Flex_FlexUITests.framework */; };
/* End PBXBuildFile section */

/* Begin PBXContainerItemProxy section */
		35AB9E702501D373009B5BB9 /* PBXContainerItemProxy */ = {
			isa = PBXContainerItemProxy;
			containerPortal = 35AB9E512501D36F009B5BB9 /* Project object */;
			proxyType = 1;
			remoteGlobalIDString = 35AB9E582501D36F009B5BB9;
			remoteInfo = Flex;
		};
		35AB9E7B2501D373009B5BB9 /* PBXContainerItemProxy */ = {
			isa = PBXContainerItemProxy;
			containerPortal = 35AB9E512501D36F009B5BB9 /* Project object */;
			proxyType = 1;
			remoteGlobalIDString = 35AB9E582501D36F009B5BB9;
			remoteInfo = Flex;
		};
/* End PBXContainerItemProxy section */

/* Begin PBXFileReference section */
		35AB9E592501D36F009B5BB9 /* Flex.app */ = {isa = PBXFileReference; explicitFileType = wrapper.application; includeInIndex = 0; path = Flex.app; sourceTree = BUILT_PRODUCTS_DIR; };
		35AB9E5C2501D36F009B5BB9 /* AppDelegate.swift */ = {isa = PBXFileReference; lastKnownFileType = sourcecode.swift; path = AppDelegate.swift; sourceTree = "<group>"; };
		35AB9E5E2501D370009B5BB9 /* SceneDelegate.swift */ = {isa = PBXFileReference; lastKnownFileType = sourcecode.swift; path = SceneDelegate.swift; sourceTree = "<group>"; };
		35AB9E602501D370009B5BB9 /* ViewController.swift */ = {isa = PBXFileReference; lastKnownFileType = sourcecode.swift; path = ViewController.swift; sourceTree = "<group>"; };
		35AB9E632501D370009B5BB9 /* Base */ = {isa = PBXFileReference; lastKnownFileType = file.storyboard; name = Base; path = Base.lproj/Main.storyboard; sourceTree = "<group>"; };
		35AB9E652501D373009B5BB9 /* Assets.xcassets */ = {isa = PBXFileReference; lastKnownFileType = folder.assetcatalog; path = Assets.xcassets; sourceTree = "<group>"; };
		35AB9E682501D373009B5BB9 /* Base */ = {isa = PBXFileReference; lastKnownFileType = file.storyboard; name = Base; path = Base.lproj/LaunchScreen.storyboard; sourceTree = "<group>"; };
		35AB9E6A2501D373009B5BB9 /* Info.plist */ = {isa = PBXFileReference; lastKnownFileType = text.plist.xml; path = Info.plist; sourceTree = "<group>"; };
		35AB9E6F2501D373009B5BB9 /* FlexTests.xctest */ = {isa = PBXFileReference; explicitFileType = wrapper.cfbundle; includeInIndex = 0; path = FlexTests.xctest; sourceTree = BUILT_PRODUCTS_DIR; };
		35AB9E732501D373009B5BB9 /* FlexTests.swift */ = {isa = PBXFileReference; lastKnownFileType = sourcecode.swift; path = FlexTests.swift; sourceTree = "<group>"; };
		35AB9E752501D373009B5BB9 /* Info.plist */ = {isa = PBXFileReference; lastKnownFileType = text.plist.xml; path = Info.plist; sourceTree = "<group>"; };
		35AB9E7A2501D373009B5BB9 /* FlexUITests.xctest */ = {isa = PBXFileReference; explicitFileType = wrapper.cfbundle; includeInIndex = 0; path = FlexUITests.xctest; sourceTree = BUILT_PRODUCTS_DIR; };
		35AB9E7E2501D373009B5BB9 /* FlexUITests.swift */ = {isa = PBXFileReference; lastKnownFileType = sourcecode.swift; path = FlexUITests.swift; sourceTree = "<group>"; };
		35AB9E802501D373009B5BB9 /* Info.plist */ = {isa = PBXFileReference; lastKnownFileType = text.plist.xml; path = Info.plist; sourceTree = "<group>"; };
		35AB9E8E2501DEB6009B5BB9 /* MovieCell.swift */ = {isa = PBXFileReference; lastKnownFileType = sourcecode.swift; path = MovieCell.swift; sourceTree = "<group>"; };
		3633DC58A35F6B85C0E5933E /* Pods_Flex_FlexUITests.framework */ = {isa = PBXFileReference; explicitFileType = wrapper.framework; includeInIndex = 0; path = Pods_Flex_FlexUITests.framework; sourceTree = BUILT_PRODUCTS_DIR; };
		5557777B3EB033C30308EE88 /* Pods-Flex-FlexUITests.release.xcconfig */ = {isa = PBXFileReference; includeInIndex = 1; lastKnownFileType = text.xcconfig; name = "Pods-Flex-FlexUITests.release.xcconfig"; path = "Target Support Files/Pods-Flex-FlexUITests/Pods-Flex-FlexUITests.release.xcconfig"; sourceTree = "<group>"; };
		581D4AAA7C10B211DBB66397 /* Pods-Flex.release.xcconfig */ = {isa = PBXFileReference; includeInIndex = 1; lastKnownFileType = text.xcconfig; name = "Pods-Flex.release.xcconfig"; path = "Target Support Files/Pods-Flex/Pods-Flex.release.xcconfig"; sourceTree = "<group>"; };
		6E68CE7E46AE9AA654420A88 /* Pods-Flex-FlexUITests.debug.xcconfig */ = {isa = PBXFileReference; includeInIndex = 1; lastKnownFileType = text.xcconfig; name = "Pods-Flex-FlexUITests.debug.xcconfig"; path = "Target Support Files/Pods-Flex-FlexUITests/Pods-Flex-FlexUITests.debug.xcconfig"; sourceTree = "<group>"; };
		763DB045802D85B846BE85DD /* Pods_FlexTests.framework */ = {isa = PBXFileReference; explicitFileType = wrapper.framework; includeInIndex = 0; path = Pods_FlexTests.framework; sourceTree = BUILT_PRODUCTS_DIR; };
		8E16F32E4640874C170D7086 /* Pods-Flex.debug.xcconfig */ = {isa = PBXFileReference; includeInIndex = 1; lastKnownFileType = text.xcconfig; name = "Pods-Flex.debug.xcconfig"; path = "Target Support Files/Pods-Flex/Pods-Flex.debug.xcconfig"; sourceTree = "<group>"; };
		97CCC853ABE139C557DC8CCB /* Pods-FlexTests.debug.xcconfig */ = {isa = PBXFileReference; includeInIndex = 1; lastKnownFileType = text.xcconfig; name = "Pods-FlexTests.debug.xcconfig"; path = "Target Support Files/Pods-FlexTests/Pods-FlexTests.debug.xcconfig"; sourceTree = "<group>"; };
		9EBE31EF10E6BB194F1B7D68 /* Pods_Flex.framework */ = {isa = PBXFileReference; explicitFileType = wrapper.framework; includeInIndex = 0; path = Pods_Flex.framework; sourceTree = BUILT_PRODUCTS_DIR; };
		A322517333DA6CA1AFDA929C /* Pods-FlexTests.release.xcconfig */ = {isa = PBXFileReference; includeInIndex = 1; lastKnownFileType = text.xcconfig; name = "Pods-FlexTests.release.xcconfig"; path = "Target Support Files/Pods-FlexTests/Pods-FlexTests.release.xcconfig"; sourceTree = "<group>"; };
/* End PBXFileReference section */

/* Begin PBXFrameworksBuildPhase section */
		35AB9E562501D36F009B5BB9 /* Frameworks */ = {
			isa = PBXFrameworksBuildPhase;
			buildActionMask = 2147483647;
			files = (
				0375E0991F281168677B511F /* Pods_Flex.framework in Frameworks */,
			);
			runOnlyForDeploymentPostprocessing = 0;
		};
		35AB9E6C2501D373009B5BB9 /* Frameworks */ = {
			isa = PBXFrameworksBuildPhase;
			buildActionMask = 2147483647;
			files = (
				0788F16156A6A98C817EB9BF /* Pods_FlexTests.framework in Frameworks */,
			);
			runOnlyForDeploymentPostprocessing = 0;
		};
		35AB9E772501D373009B5BB9 /* Frameworks */ = {
			isa = PBXFrameworksBuildPhase;
			buildActionMask = 2147483647;
			files = (
				93DBAC009971817BB70E5B9C /* Pods_Flex_FlexUITests.framework in Frameworks */,
			);
			runOnlyForDeploymentPostprocessing = 0;
		};
/* End PBXFrameworksBuildPhase section */

/* Begin PBXGroup section */
		0A36DB35CD4499E7A9954CB1 /* Frameworks */ = {
			isa = PBXGroup;
			children = (
				9EBE31EF10E6BB194F1B7D68 /* Pods_Flex.framework */,
				3633DC58A35F6B85C0E5933E /* Pods_Flex_FlexUITests.framework */,
				763DB045802D85B846BE85DD /* Pods_FlexTests.framework */,
			);
			name = Frameworks;
			sourceTree = "<group>";
		};
		35AB9E502501D36F009B5BB9 = {
			isa = PBXGroup;
			children = (
				35AB9E5B2501D36F009B5BB9 /* Flex */,
				35AB9E722501D373009B5BB9 /* FlexTests */,
				35AB9E7D2501D373009B5BB9 /* FlexUITests */,
				35AB9E5A2501D36F009B5BB9 /* Products */,
				D73FB6743A4E431FB1B7543D /* Pods */,
				0A36DB35CD4499E7A9954CB1 /* Frameworks */,
			);
			sourceTree = "<group>";
		};
		35AB9E5A2501D36F009B5BB9 /* Products */ = {
			isa = PBXGroup;
			children = (
				35AB9E592501D36F009B5BB9 /* Flex.app */,
				35AB9E6F2501D373009B5BB9 /* FlexTests.xctest */,
				35AB9E7A2501D373009B5BB9 /* FlexUITests.xctest */,
			);
			name = Products;
			sourceTree = "<group>";
		};
		35AB9E5B2501D36F009B5BB9 /* Flex */ = {
			isa = PBXGroup;
			children = (
				35AB9E5C2501D36F009B5BB9 /* AppDelegate.swift */,
				35AB9E5E2501D370009B5BB9 /* SceneDelegate.swift */,
				35AB9E602501D370009B5BB9 /* ViewController.swift */,
				35AB9E622501D370009B5BB9 /* Main.storyboard */,
				35AB9E8E2501DEB6009B5BB9 /* MovieCell.swift */,
				35AB9E652501D373009B5BB9 /* Assets.xcassets */,
				35AB9E672501D373009B5BB9 /* LaunchScreen.storyboard */,
				35AB9E6A2501D373009B5BB9 /* Info.plist */,
			);
			path = Flex;
			sourceTree = "<group>";
		};
		35AB9E722501D373009B5BB9 /* FlexTests */ = {
			isa = PBXGroup;
			children = (
				35AB9E732501D373009B5BB9 /* FlexTests.swift */,
				35AB9E752501D373009B5BB9 /* Info.plist */,
			);
			path = FlexTests;
			sourceTree = "<group>";
		};
		35AB9E7D2501D373009B5BB9 /* FlexUITests */ = {
			isa = PBXGroup;
			children = (
				35AB9E7E2501D373009B5BB9 /* FlexUITests.swift */,
				35AB9E802501D373009B5BB9 /* Info.plist */,
			);
			path = FlexUITests;
			sourceTree = "<group>";
		};
		D73FB6743A4E431FB1B7543D /* Pods */ = {
			isa = PBXGroup;
			children = (
				8E16F32E4640874C170D7086 /* Pods-Flex.debug.xcconfig */,
				581D4AAA7C10B211DBB66397 /* Pods-Flex.release.xcconfig */,
				6E68CE7E46AE9AA654420A88 /* Pods-Flex-FlexUITests.debug.xcconfig */,
				5557777B3EB033C30308EE88 /* Pods-Flex-FlexUITests.release.xcconfig */,
				97CCC853ABE139C557DC8CCB /* Pods-FlexTests.debug.xcconfig */,
				A322517333DA6CA1AFDA929C /* Pods-FlexTests.release.xcconfig */,
			);
			name = Pods;
			path = Pods;
			sourceTree = "<group>";
		};
/* End PBXGroup section */

/* Begin PBXNativeTarget section */
		35AB9E582501D36F009B5BB9 /* Flex */ = {
			isa = PBXNativeTarget;
			buildConfigurationList = 35AB9E832501D373009B5BB9 /* Build configuration list for PBXNativeTarget "Flex" */;
			buildPhases = (
				8C2F377C6C2E675D7686EA69 /* [CP] Check Pods Manifest.lock */,
				35AB9E552501D36F009B5BB9 /* Sources */,
				35AB9E562501D36F009B5BB9 /* Frameworks */,
				35AB9E572501D36F009B5BB9 /* Resources */,
				A997E42339CB30B6DF1F825A /* [CP] Embed Pods Frameworks */,
			);
			buildRules = (
			);
			dependencies = (
			);
			name = Flex;
			productName = Flex;
			productReference = 35AB9E592501D36F009B5BB9 /* Flex.app */;
			productType = "com.apple.product-type.application";
		};
		35AB9E6E2501D373009B5BB9 /* FlexTests */ = {
			isa = PBXNativeTarget;
			buildConfigurationList = 35AB9E862501D373009B5BB9 /* Build configuration list for PBXNativeTarget "FlexTests" */;
			buildPhases = (
				D603DBD01B65B93D14AD7509 /* [CP] Check Pods Manifest.lock */,
				35AB9E6B2501D373009B5BB9 /* Sources */,
				35AB9E6C2501D373009B5BB9 /* Frameworks */,
				35AB9E6D2501D373009B5BB9 /* Resources */,
			);
			buildRules = (
			);
			dependencies = (
				35AB9E712501D373009B5BB9 /* PBXTargetDependency */,
			);
			name = FlexTests;
			productName = FlexTests;
			productReference = 35AB9E6F2501D373009B5BB9 /* FlexTests.xctest */;
			productType = "com.apple.product-type.bundle.unit-test";
		};
		35AB9E792501D373009B5BB9 /* FlexUITests */ = {
			isa = PBXNativeTarget;
			buildConfigurationList = 35AB9E892501D373009B5BB9 /* Build configuration list for PBXNativeTarget "FlexUITests" */;
			buildPhases = (
				85A795158B1A885CFE980FD2 /* [CP] Check Pods Manifest.lock */,
				35AB9E762501D373009B5BB9 /* Sources */,
				35AB9E772501D373009B5BB9 /* Frameworks */,
				35AB9E782501D373009B5BB9 /* Resources */,
				66C79209B70506B71F909D9E /* [CP] Embed Pods Frameworks */,
			);
			buildRules = (
			);
			dependencies = (
				35AB9E7C2501D373009B5BB9 /* PBXTargetDependency */,
			);
			name = FlexUITests;
			productName = FlexUITests;
			productReference = 35AB9E7A2501D373009B5BB9 /* FlexUITests.xctest */;
			productType = "com.apple.product-type.bundle.ui-testing";
		};
/* End PBXNativeTarget section */

/* Begin PBXProject section */
		35AB9E512501D36F009B5BB9 /* Project object */ = {
			isa = PBXProject;
			attributes = {
				LastSwiftUpdateCheck = 1160;
				LastUpgradeCheck = 1160;
				ORGANIZATIONNAME = LD;
				TargetAttributes = {
					35AB9E582501D36F009B5BB9 = {
						CreatedOnToolsVersion = 11.6;
					};
					35AB9E6E2501D373009B5BB9 = {
						CreatedOnToolsVersion = 11.6;
						TestTargetID = 35AB9E582501D36F009B5BB9;
					};
					35AB9E792501D373009B5BB9 = {
						CreatedOnToolsVersion = 11.6;
						TestTargetID = 35AB9E582501D36F009B5BB9;
					};
				};
			};
			buildConfigurationList = 35AB9E542501D36F009B5BB9 /* Build configuration list for PBXProject "Flex" */;
			compatibilityVersion = "Xcode 9.3";
			developmentRegion = en;
			hasScannedForEncodings = 0;
			knownRegions = (
				en,
				Base,
			);
			mainGroup = 35AB9E502501D36F009B5BB9;
			productRefGroup = 35AB9E5A2501D36F009B5BB9 /* Products */;
			projectDirPath = "";
			projectRoot = "";
			targets = (
				35AB9E582501D36F009B5BB9 /* Flex */,
				35AB9E6E2501D373009B5BB9 /* FlexTests */,
				35AB9E792501D373009B5BB9 /* FlexUITests */,
			);
		};
/* End PBXProject section */

/* Begin PBXResourcesBuildPhase section */
		35AB9E572501D36F009B5BB9 /* Resources */ = {
			isa = PBXResourcesBuildPhase;
			buildActionMask = 2147483647;
			files = (
				35AB9E692501D373009B5BB9 /* LaunchScreen.storyboard in Resources */,
				35AB9E662501D373009B5BB9 /* Assets.xcassets in Resources */,
				35AB9E642501D370009B5BB9 /* Main.storyboard in Resources */,
			);
			runOnlyForDeploymentPostprocessing = 0;
		};
		35AB9E6D2501D373009B5BB9 /* Resources */ = {
			isa = PBXResourcesBuildPhase;
			buildActionMask = 2147483647;
			files = (
			);
			runOnlyForDeploymentPostprocessing = 0;
		};
		35AB9E782501D373009B5BB9 /* Resources */ = {
			isa = PBXResourcesBuildPhase;
			buildActionMask = 2147483647;
			files = (
			);
			runOnlyForDeploymentPostprocessing = 0;
		};
/* End PBXResourcesBuildPhase section */

/* Begin PBXShellScriptBuildPhase section */
		66C79209B70506B71F909D9E /* [CP] Embed Pods Frameworks */ = {
			isa = PBXShellScriptBuildPhase;
			buildActionMask = 2147483647;
			files = (
			);
			inputFileListPaths = (
				"${PODS_ROOT}/Target Support Files/Pods-Flex-FlexUITests/Pods-Flex-FlexUITests-frameworks-${CONFIGURATION}-input-files.xcfilelist",
			);
			name = "[CP] Embed Pods Frameworks";
			outputFileListPaths = (
				"${PODS_ROOT}/Target Support Files/Pods-Flex-FlexUITests/Pods-Flex-FlexUITests-frameworks-${CONFIGURATION}-output-files.xcfilelist",
			);
			runOnlyForDeploymentPostprocessing = 0;
			shellPath = /bin/sh;
			shellScript = "\"${PODS_ROOT}/Target Support Files/Pods-Flex-FlexUITests/Pods-Flex-FlexUITests-frameworks.sh\"\n";
			showEnvVarsInLog = 0;
		};
		85A795158B1A885CFE980FD2 /* [CP] Check Pods Manifest.lock */ = {
			isa = PBXShellScriptBuildPhase;
			buildActionMask = 2147483647;
			files = (
			);
			inputFileListPaths = (
			);
			inputPaths = (
				"${PODS_PODFILE_DIR_PATH}/Podfile.lock",
				"${PODS_ROOT}/Manifest.lock",
			);
			name = "[CP] Check Pods Manifest.lock";
			outputFileListPaths = (
			);
			outputPaths = (
				"$(DERIVED_FILE_DIR)/Pods-Flex-FlexUITests-checkManifestLockResult.txt",
			);
			runOnlyForDeploymentPostprocessing = 0;
			shellPath = /bin/sh;
			shellScript = "diff \"${PODS_PODFILE_DIR_PATH}/Podfile.lock\" \"${PODS_ROOT}/Manifest.lock\" > /dev/null\nif [ $? != 0 ] ; then\n    # print error to STDERR\n    echo \"error: The sandbox is not in sync with the Podfile.lock. Run 'pod install' or update your CocoaPods installation.\" >&2\n    exit 1\nfi\n# This output is used by Xcode 'outputs' to avoid re-running this script phase.\necho \"SUCCESS\" > \"${SCRIPT_OUTPUT_FILE_0}\"\n";
			showEnvVarsInLog = 0;
		};
		8C2F377C6C2E675D7686EA69 /* [CP] Check Pods Manifest.lock */ = {
			isa = PBXShellScriptBuildPhase;
			buildActionMask = 2147483647;
			files = (
			);
			inputFileListPaths = (
			);
			inputPaths = (
				"${PODS_PODFILE_DIR_PATH}/Podfile.lock",
				"${PODS_ROOT}/Manifest.lock",
			);
			name = "[CP] Check Pods Manifest.lock";
			outputFileListPaths = (
			);
			outputPaths = (
				"$(DERIVED_FILE_DIR)/Pods-Flex-checkManifestLockResult.txt",
			);
			runOnlyForDeploymentPostprocessing = 0;
			shellPath = /bin/sh;
			shellScript = "diff \"${PODS_PODFILE_DIR_PATH}/Podfile.lock\" \"${PODS_ROOT}/Manifest.lock\" > /dev/null\nif [ $? != 0 ] ; then\n    # print error to STDERR\n    echo \"error: The sandbox is not in sync with the Podfile.lock. Run 'pod install' or update your CocoaPods installation.\" >&2\n    exit 1\nfi\n# This output is used by Xcode 'outputs' to avoid re-running this script phase.\necho \"SUCCESS\" > \"${SCRIPT_OUTPUT_FILE_0}\"\n";
			showEnvVarsInLog = 0;
		};
		A997E42339CB30B6DF1F825A /* [CP] Embed Pods Frameworks */ = {
			isa = PBXShellScriptBuildPhase;
			buildActionMask = 2147483647;
			files = (
			);
			inputFileListPaths = (
				"${PODS_ROOT}/Target Support Files/Pods-Flex/Pods-Flex-frameworks-${CONFIGURATION}-input-files.xcfilelist",
			);
			name = "[CP] Embed Pods Frameworks";
			outputFileListPaths = (
				"${PODS_ROOT}/Target Support Files/Pods-Flex/Pods-Flex-frameworks-${CONFIGURATION}-output-files.xcfilelist",
			);
			runOnlyForDeploymentPostprocessing = 0;
			shellPath = /bin/sh;
			shellScript = "\"${PODS_ROOT}/Target Support Files/Pods-Flex/Pods-Flex-frameworks.sh\"\n";
			showEnvVarsInLog = 0;
		};
		D603DBD01B65B93D14AD7509 /* [CP] Check Pods Manifest.lock */ = {
			isa = PBXShellScriptBuildPhase;
			buildActionMask = 2147483647;
			files = (
			);
			inputFileListPaths = (
			);
			inputPaths = (
				"${PODS_PODFILE_DIR_PATH}/Podfile.lock",
				"${PODS_ROOT}/Manifest.lock",
			);
			name = "[CP] Check Pods Manifest.lock";
			outputFileListPaths = (
			);
			outputPaths = (
				"$(DERIVED_FILE_DIR)/Pods-FlexTests-checkManifestLockResult.txt",
			);
			runOnlyForDeploymentPostprocessing = 0;
			shellPath = /bin/sh;
			shellScript = "diff \"${PODS_PODFILE_DIR_PATH}/Podfile.lock\" \"${PODS_ROOT}/Manifest.lock\" > /dev/null\nif [ $? != 0 ] ; then\n    # print error to STDERR\n    echo \"error: The sandbox is not in sync with the Podfile.lock. Run 'pod install' or update your CocoaPods installation.\" >&2\n    exit 1\nfi\n# This output is used by Xcode 'outputs' to avoid re-running this script phase.\necho \"SUCCESS\" > \"${SCRIPT_OUTPUT_FILE_0}\"\n";
			showEnvVarsInLog = 0;
		};
/* End PBXShellScriptBuildPhase section */

/* Begin PBXSourcesBuildPhase section */
		35AB9E552501D36F009B5BB9 /* Sources */ = {
			isa = PBXSourcesBuildPhase;
			buildActionMask = 2147483647;
			files = (
				35AB9E612501D370009B5BB9 /* ViewController.swift in Sources */,
				35AB9E5D2501D36F009B5BB9 /* AppDelegate.swift in Sources */,
				35AB9E8F2501DEB6009B5BB9 /* MovieCell.swift in Sources */,
				35AB9E5F2501D370009B5BB9 /* SceneDelegate.swift in Sources */,
			);
			runOnlyForDeploymentPostprocessing = 0;
		};
		35AB9E6B2501D373009B5BB9 /* Sources */ = {
			isa = PBXSourcesBuildPhase;
			buildActionMask = 2147483647;
			files = (
				35AB9E742501D373009B5BB9 /* FlexTests.swift in Sources */,
			);
			runOnlyForDeploymentPostprocessing = 0;
		};
		35AB9E762501D373009B5BB9 /* Sources */ = {
			isa = PBXSourcesBuildPhase;
			buildActionMask = 2147483647;
			files = (
				35AB9E7F2501D373009B5BB9 /* FlexUITests.swift in Sources */,
			);
			runOnlyForDeploymentPostprocessing = 0;
		};
/* End PBXSourcesBuildPhase section */

/* Begin PBXTargetDependency section */
		35AB9E712501D373009B5BB9 /* PBXTargetDependency */ = {
			isa = PBXTargetDependency;
			target = 35AB9E582501D36F009B5BB9 /* Flex */;
			targetProxy = 35AB9E702501D373009B5BB9 /* PBXContainerItemProxy */;
		};
		35AB9E7C2501D373009B5BB9 /* PBXTargetDependency */ = {
			isa = PBXTargetDependency;
			target = 35AB9E582501D36F009B5BB9 /* Flex */;
			targetProxy = 35AB9E7B2501D373009B5BB9 /* PBXContainerItemProxy */;
		};
/* End PBXTargetDependency section */

/* Begin PBXVariantGroup section */
		35AB9E622501D370009B5BB9 /* Main.storyboard */ = {
			isa = PBXVariantGroup;
			children = (
				35AB9E632501D370009B5BB9 /* Base */,
			);
			name = Main.storyboard;
			sourceTree = "<group>";
		};
		35AB9E672501D373009B5BB9 /* LaunchScreen.storyboard */ = {
			isa = PBXVariantGroup;
			children = (
				35AB9E682501D373009B5BB9 /* Base */,
			);
			name = LaunchScreen.storyboard;
			sourceTree = "<group>";
		};
/* End PBXVariantGroup section */

/* Begin XCBuildConfiguration section */
		35AB9E812501D373009B5BB9 /* Debug */ = {
			isa = XCBuildConfiguration;
			buildSettings = {
				ALWAYS_SEARCH_USER_PATHS = NO;
				CLANG_ANALYZER_NONNULL = YES;
				CLANG_ANALYZER_NUMBER_OBJECT_CONVERSION = YES_AGGRESSIVE;
				CLANG_CXX_LANGUAGE_STANDARD = "gnu++14";
				CLANG_CXX_LIBRARY = "libc++";
				CLANG_ENABLE_MODULES = YES;
				CLANG_ENABLE_OBJC_ARC = YES;
				CLANG_ENABLE_OBJC_WEAK = YES;
				CLANG_WARN_BLOCK_CAPTURE_AUTORELEASING = YES;
				CLANG_WARN_BOOL_CONVERSION = YES;
				CLANG_WARN_COMMA = YES;
				CLANG_WARN_CONSTANT_CONVERSION = YES;
				CLANG_WARN_DEPRECATED_OBJC_IMPLEMENTATIONS = YES;
				CLANG_WARN_DIRECT_OBJC_ISA_USAGE = YES_ERROR;
				CLANG_WARN_DOCUMENTATION_COMMENTS = YES;
				CLANG_WARN_EMPTY_BODY = YES;
				CLANG_WARN_ENUM_CONVERSION = YES;
				CLANG_WARN_INFINITE_RECURSION = YES;
				CLANG_WARN_INT_CONVERSION = YES;
				CLANG_WARN_NON_LITERAL_NULL_CONVERSION = YES;
				CLANG_WARN_OBJC_IMPLICIT_RETAIN_SELF = YES;
				CLANG_WARN_OBJC_LITERAL_CONVERSION = YES;
				CLANG_WARN_OBJC_ROOT_CLASS = YES_ERROR;
				CLANG_WARN_RANGE_LOOP_ANALYSIS = YES;
				CLANG_WARN_STRICT_PROTOTYPES = YES;
				CLANG_WARN_SUSPICIOUS_MOVE = YES;
				CLANG_WARN_UNGUARDED_AVAILABILITY = YES_AGGRESSIVE;
				CLANG_WARN_UNREACHABLE_CODE = YES;
				CLANG_WARN__DUPLICATE_METHOD_MATCH = YES;
				COPY_PHASE_STRIP = NO;
				DEBUG_INFORMATION_FORMAT = dwarf;
				ENABLE_STRICT_OBJC_MSGSEND = YES;
				ENABLE_TESTABILITY = YES;
				GCC_C_LANGUAGE_STANDARD = gnu11;
				GCC_DYNAMIC_NO_PIC = NO;
				GCC_NO_COMMON_BLOCKS = YES;
				GCC_OPTIMIZATION_LEVEL = 0;
				GCC_PREPROCESSOR_DEFINITIONS = (
					"DEBUG=1",
					"$(inherited)",
				);
				GCC_WARN_64_TO_32_BIT_CONVERSION = YES;
				GCC_WARN_ABOUT_RETURN_TYPE = YES_ERROR;
				GCC_WARN_UNDECLARED_SELECTOR = YES;
				GCC_WARN_UNINITIALIZED_AUTOS = YES_AGGRESSIVE;
				GCC_WARN_UNUSED_FUNCTION = YES;
				GCC_WARN_UNUSED_VARIABLE = YES;
				IPHONEOS_DEPLOYMENT_TARGET = 13.6;
				MTL_ENABLE_DEBUG_INFO = INCLUDE_SOURCE;
				MTL_FAST_MATH = YES;
				ONLY_ACTIVE_ARCH = YES;
				SDKROOT = iphoneos;
				SWIFT_ACTIVE_COMPILATION_CONDITIONS = DEBUG;
				SWIFT_OPTIMIZATION_LEVEL = "-Onone";
			};
			name = Debug;
		};
		35AB9E822501D373009B5BB9 /* Release */ = {
			isa = XCBuildConfiguration;
			buildSettings = {
				ALWAYS_SEARCH_USER_PATHS = NO;
				CLANG_ANALYZER_NONNULL = YES;
				CLANG_ANALYZER_NUMBER_OBJECT_CONVERSION = YES_AGGRESSIVE;
				CLANG_CXX_LANGUAGE_STANDARD = "gnu++14";
				CLANG_CXX_LIBRARY = "libc++";
				CLANG_ENABLE_MODULES = YES;
				CLANG_ENABLE_OBJC_ARC = YES;
				CLANG_ENABLE_OBJC_WEAK = YES;
				CLANG_WARN_BLOCK_CAPTURE_AUTORELEASING = YES;
				CLANG_WARN_BOOL_CONVERSION = YES;
				CLANG_WARN_COMMA = YES;
				CLANG_WARN_CONSTANT_CONVERSION = YES;
				CLANG_WARN_DEPRECATED_OBJC_IMPLEMENTATIONS = YES;
				CLANG_WARN_DIRECT_OBJC_ISA_USAGE = YES_ERROR;
				CLANG_WARN_DOCUMENTATION_COMMENTS = YES;
				CLANG_WARN_EMPTY_BODY = YES;
				CLANG_WARN_ENUM_CONVERSION = YES;
				CLANG_WARN_INFINITE_RECURSION = YES;
				CLANG_WARN_INT_CONVERSION = YES;
				CLANG_WARN_NON_LITERAL_NULL_CONVERSION = YES;
				CLANG_WARN_OBJC_IMPLICIT_RETAIN_SELF = YES;
				CLANG_WARN_OBJC_LITERAL_CONVERSION = YES;
				CLANG_WARN_OBJC_ROOT_CLASS = YES_ERROR;
				CLANG_WARN_RANGE_LOOP_ANALYSIS = YES;
				CLANG_WARN_STRICT_PROTOTYPES = YES;
				CLANG_WARN_SUSPICIOUS_MOVE = YES;
				CLANG_WARN_UNGUARDED_AVAILABILITY = YES_AGGRESSIVE;
				CLANG_WARN_UNREACHABLE_CODE = YES;
				CLANG_WARN__DUPLICATE_METHOD_MATCH = YES;
				COPY_PHASE_STRIP = NO;
				DEBUG_INFORMATION_FORMAT = "dwarf-with-dsym";
				ENABLE_NS_ASSERTIONS = NO;
				ENABLE_STRICT_OBJC_MSGSEND = YES;
				GCC_C_LANGUAGE_STANDARD = gnu11;
				GCC_NO_COMMON_BLOCKS = YES;
				GCC_WARN_64_TO_32_BIT_CONVERSION = YES;
				GCC_WARN_ABOUT_RETURN_TYPE = YES_ERROR;
				GCC_WARN_UNDECLARED_SELECTOR = YES;
				GCC_WARN_UNINITIALIZED_AUTOS = YES_AGGRESSIVE;
				GCC_WARN_UNUSED_FUNCTION = YES;
				GCC_WARN_UNUSED_VARIABLE = YES;
				IPHONEOS_DEPLOYMENT_TARGET = 13.6;
				MTL_ENABLE_DEBUG_INFO = NO;
				MTL_FAST_MATH = YES;
				SDKROOT = iphoneos;
				SWIFT_COMPILATION_MODE = wholemodule;
				SWIFT_OPTIMIZATION_LEVEL = "-O";
				VALIDATE_PRODUCT = YES;
			};
			name = Release;
		};
		35AB9E842501D373009B5BB9 /* Debug */ = {
			isa = XCBuildConfiguration;
			baseConfigurationReference = 8E16F32E4640874C170D7086 /* Pods-Flex.debug.xcconfig */;
			buildSettings = {
				ASSETCATALOG_COMPILER_APPICON_NAME = AppIcon;
				CODE_SIGN_STYLE = Automatic;
				INFOPLIST_FILE = Flex/Info.plist;
				LD_RUNPATH_SEARCH_PATHS = (
					"$(inherited)",
					"@executable_path/Frameworks",
				);
				PRODUCT_BUNDLE_IDENTIFIER = Codepath.Flex;
				PRODUCT_NAME = "$(TARGET_NAME)";
				SWIFT_VERSION = 5.0;
				TARGETED_DEVICE_FAMILY = "1,2";
			};
			name = Debug;
		};
		35AB9E852501D373009B5BB9 /* Release */ = {
			isa = XCBuildConfiguration;
			baseConfigurationReference = 581D4AAA7C10B211DBB66397 /* Pods-Flex.release.xcconfig */;
			buildSettings = {
				ASSETCATALOG_COMPILER_APPICON_NAME = AppIcon;
				CODE_SIGN_STYLE = Automatic;
				INFOPLIST_FILE = Flex/Info.plist;
				LD_RUNPATH_SEARCH_PATHS = (
					"$(inherited)",
					"@executable_path/Frameworks",
				);
				PRODUCT_BUNDLE_IDENTIFIER = Codepath.Flex;
				PRODUCT_NAME = "$(TARGET_NAME)";
				SWIFT_VERSION = 5.0;
				TARGETED_DEVICE_FAMILY = "1,2";
			};
			name = Release;
		};
		35AB9E872501D373009B5BB9 /* Debug */ = {
			isa = XCBuildConfiguration;
			baseConfigurationReference = 97CCC853ABE139C557DC8CCB /* Pods-FlexTests.debug.xcconfig */;
			buildSettings = {
				ALWAYS_EMBED_SWIFT_STANDARD_LIBRARIES = YES;
				BUNDLE_LOADER = "$(TEST_HOST)";
				CODE_SIGN_STYLE = Automatic;
				INFOPLIST_FILE = FlexTests/Info.plist;
				IPHONEOS_DEPLOYMENT_TARGET = 13.6;
				LD_RUNPATH_SEARCH_PATHS = (
					"$(inherited)",
					"@executable_path/Frameworks",
					"@loader_path/Frameworks",
				);
				PRODUCT_BUNDLE_IDENTIFIER = Codepath.FlexTests;
				PRODUCT_NAME = "$(TARGET_NAME)";
				SWIFT_VERSION = 5.0;
				TARGETED_DEVICE_FAMILY = "1,2";
				TEST_HOST = "$(BUILT_PRODUCTS_DIR)/Flex.app/Flex";
			};
			name = Debug;
		};
		35AB9E882501D373009B5BB9 /* Release */ = {
			isa = XCBuildConfiguration;
			baseConfigurationReference = A322517333DA6CA1AFDA929C /* Pods-FlexTests.release.xcconfig */;
			buildSettings = {
				ALWAYS_EMBED_SWIFT_STANDARD_LIBRARIES = YES;
				BUNDLE_LOADER = "$(TEST_HOST)";
				CODE_SIGN_STYLE = Automatic;
				INFOPLIST_FILE = FlexTests/Info.plist;
				IPHONEOS_DEPLOYMENT_TARGET = 13.6;
				LD_RUNPATH_SEARCH_PATHS = (
					"$(inherited)",
					"@executable_path/Frameworks",
					"@loader_path/Frameworks",
				);
				PRODUCT_BUNDLE_IDENTIFIER = Codepath.FlexTests;
				PRODUCT_NAME = "$(TARGET_NAME)";
				SWIFT_VERSION = 5.0;
				TARGETED_DEVICE_FAMILY = "1,2";
				TEST_HOST = "$(BUILT_PRODUCTS_DIR)/Flex.app/Flex";
			};
			name = Release;
		};
		35AB9E8A2501D373009B5BB9 /* Debug */ = {
			isa = XCBuildConfiguration;
			baseConfigurationReference = 6E68CE7E46AE9AA654420A88 /* Pods-Flex-FlexUITests.debug.xcconfig */;
			buildSettings = {
				ALWAYS_EMBED_SWIFT_STANDARD_LIBRARIES = YES;
				CODE_SIGN_STYLE = Automatic;
				INFOPLIST_FILE = FlexUITests/Info.plist;
				LD_RUNPATH_SEARCH_PATHS = (
					"$(inherited)",
					"@executable_path/Frameworks",
					"@loader_path/Frameworks",
				);
				PRODUCT_BUNDLE_IDENTIFIER = Codepath.FlexUITests;
				PRODUCT_NAME = "$(TARGET_NAME)";
				SWIFT_VERSION = 5.0;
				TARGETED_DEVICE_FAMILY = "1,2";
				TEST_TARGET_NAME = Flex;
			};
			name = Debug;
		};
		35AB9E8B2501D373009B5BB9 /* Release */ = {
			isa = XCBuildConfiguration;
			baseConfigurationReference = 5557777B3EB033C30308EE88 /* Pods-Flex-FlexUITests.release.xcconfig */;
			buildSettings = {
				ALWAYS_EMBED_SWIFT_STANDARD_LIBRARIES = YES;
				CODE_SIGN_STYLE = Automatic;
				INFOPLIST_FILE = FlexUITests/Info.plist;
				LD_RUNPATH_SEARCH_PATHS = (
					"$(inherited)",
					"@executable_path/Frameworks",
					"@loader_path/Frameworks",
				);
				PRODUCT_BUNDLE_IDENTIFIER = Codepath.FlexUITests;
				PRODUCT_NAME = "$(TARGET_NAME)";
				SWIFT_VERSION = 5.0;
				TARGETED_DEVICE_FAMILY = "1,2";
				TEST_TARGET_NAME = Flex;
			};
			name = Release;
		};
/* End XCBuildConfiguration section */

/* Begin XCConfigurationList section */
		35AB9E542501D36F009B5BB9 /* Build configuration list for PBXProject "Flex" */ = {
			isa = XCConfigurationList;
			buildConfigurations = (
				35AB9E812501D373009B5BB9 /* Debug */,
				35AB9E822501D373009B5BB9 /* Release */,
			);
			defaultConfigurationIsVisible = 0;
			defaultConfigurationName = Release;
		};
		35AB9E832501D373009B5BB9 /* Build configuration list for PBXNativeTarget "Flex" */ = {
			isa = XCConfigurationList;
			buildConfigurations = (
				35AB9E842501D373009B5BB9 /* Debug */,
				35AB9E852501D373009B5BB9 /* Release */,
			);
			defaultConfigurationIsVisible = 0;
			defaultConfigurationName = Release;
		};
		35AB9E862501D373009B5BB9 /* Build configuration list for PBXNativeTarget "FlexTests" */ = {
			isa = XCConfigurationList;
			buildConfigurations = (
				35AB9E872501D373009B5BB9 /* Debug */,
				35AB9E882501D373009B5BB9 /* Release */,
			);
			defaultConfigurationIsVisible = 0;
			defaultConfigurationName = Release;
		};
		35AB9E892501D373009B5BB9 /* Build configuration list for PBXNativeTarget "FlexUITests" */ = {
			isa = XCConfigurationList;
			buildConfigurations = (
				35AB9E8A2501D373009B5BB9 /* Debug */,
				35AB9E8B2501D373009B5BB9 /* Release */,
			);
			defaultConfigurationIsVisible = 0;
			defaultConfigurationName = Release;
		};
/* End XCConfigurationList section */
	};
	rootObject = 35AB9E512501D36F009B5BB9 /* Project object */;
}
